// !$*UTF8*$!
{
	archiveVersion = 1;
	classes = {
	};
	objectVersion = 46;
	objects = {

/* Begin PBXBuildFile section */
		42396F0E330B06D4499EAEC9 /* Pods_Flicks.framework in Frameworks */ = {isa = PBXBuildFile; fileRef = 5EE215A4376C74DADECE2F10 /* Pods_Flicks.framework */; };
		60206CD21DB2750A009CAB6A /* AppDelegate.swift in Sources */ = {isa = PBXBuildFile; fileRef = 60206CD11DB2750A009CAB6A /* AppDelegate.swift */; };
		60206CD41DB2750A009CAB6A /* ViewController.swift in Sources */ = {isa = PBXBuildFile; fileRef = 60206CD31DB2750A009CAB6A /* ViewController.swift */; };
		60206CD71DB2750A009CAB6A /* Main.storyboard in Resources */ = {isa = PBXBuildFile; fileRef = 60206CD51DB2750A009CAB6A /* Main.storyboard */; };
		60206CD91DB2750A009CAB6A /* Assets.xcassets in Resources */ = {isa = PBXBuildFile; fileRef = 60206CD81DB2750A009CAB6A /* Assets.xcassets */; };
		60206CDC1DB2750A009CAB6A /* LaunchScreen.storyboard in Resources */ = {isa = PBXBuildFile; fileRef = 60206CDA1DB2750A009CAB6A /* LaunchScreen.storyboard */; };
		60206CE41DB279A4009CAB6A /* MovieDetailsViewController.swift in Sources */ = {isa = PBXBuildFile; fileRef = 60206CE31DB279A4009CAB6A /* MovieDetailsViewController.swift */; };
		60206CE61DB27E01009CAB6A /* MovieItemTableViewCell.swift in Sources */ = {isa = PBXBuildFile; fileRef = 60206CE51DB27E01009CAB6A /* MovieItemTableViewCell.swift */; };
		60206CED1DB2E8EE009CAB6A /* posterImage.jpg in Resources */ = {isa = PBXBuildFile; fileRef = 60206CEC1DB2E8EE009CAB6A /* posterImage.jpg */; };
		60206CEF1DB2F130009CAB6A /* MovieDataLoader.swift in Sources */ = {isa = PBXBuildFile; fileRef = 60206CEE1DB2F130009CAB6A /* MovieDataLoader.swift */; };
/* End PBXBuildFile section */

/* Begin PBXFileReference section */
		5EE215A4376C74DADECE2F10 /* Pods_Flicks.framework */ = {isa = PBXFileReference; explicitFileType = wrapper.framework; includeInIndex = 0; path = Pods_Flicks.framework; sourceTree = BUILT_PRODUCTS_DIR; };
		60206CCE1DB2750A009CAB6A /* Flicks.app */ = {isa = PBXFileReference; explicitFileType = wrapper.application; includeInIndex = 0; path = Flicks.app; sourceTree = BUILT_PRODUCTS_DIR; };
		60206CD11DB2750A009CAB6A /* AppDelegate.swift */ = {isa = PBXFileReference; lastKnownFileType = sourcecode.swift; path = AppDelegate.swift; sourceTree = "<group>"; };
		60206CD31DB2750A009CAB6A /* ViewController.swift */ = {isa = PBXFileReference; lastKnownFileType = sourcecode.swift; path = ViewController.swift; sourceTree = "<group>"; };
		60206CD61DB2750A009CAB6A /* Base */ = {isa = PBXFileReference; lastKnownFileType = file.storyboard; name = Base; path = Base.lproj/Main.storyboard; sourceTree = "<group>"; };
		60206CD81DB2750A009CAB6A /* Assets.xcassets */ = {isa = PBXFileReference; lastKnownFileType = folder.assetcatalog; path = Assets.xcassets; sourceTree = "<group>"; };
		60206CDB1DB2750A009CAB6A /* Base */ = {isa = PBXFileReference; lastKnownFileType = file.storyboard; name = Base; path = Base.lproj/LaunchScreen.storyboard; sourceTree = "<group>"; };
		60206CDD1DB2750A009CAB6A /* Info.plist */ = {isa = PBXFileReference; lastKnownFileType = text.plist.xml; path = Info.plist; sourceTree = "<group>"; };
		60206CE31DB279A4009CAB6A /* MovieDetailsViewController.swift */ = {isa = PBXFileReference; fileEncoding = 4; lastKnownFileType = sourcecode.swift; path = MovieDetailsViewController.swift; sourceTree = "<group>"; };
		60206CE51DB27E01009CAB6A /* MovieItemTableViewCell.swift */ = {isa = PBXFileReference; fileEncoding = 4; lastKnownFileType = sourcecode.swift; path = MovieItemTableViewCell.swift; sourceTree = "<group>"; };
		60206CE91DB2E864009CAB6A /* Framework */ = {isa = PBXFileReference; lastKnownFileType = folder; name = Framework; path = Carthage/Checkouts/AFNetworking/Framework; sourceTree = "<group>"; };
		60206CEC1DB2E8EE009CAB6A /* posterImage.jpg */ = {isa = PBXFileReference; lastKnownFileType = image.jpeg; path = posterImage.jpg; sourceTree = "<group>"; };
		60206CEE1DB2F130009CAB6A /* MovieDataLoader.swift */ = {isa = PBXFileReference; fileEncoding = 4; lastKnownFileType = sourcecode.swift; path = MovieDataLoader.swift; sourceTree = "<group>"; };
		82BF62A913DF182C9328A2FF /* Pods-Flicks.debug.xcconfig */ = {isa = PBXFileReference; includeInIndex = 1; lastKnownFileType = text.xcconfig; name = "Pods-Flicks.debug.xcconfig"; path = "Pods/Target Support Files/Pods-Flicks/Pods-Flicks.debug.xcconfig"; sourceTree = "<group>"; };
		C6397A089FEF5D8F8801257C /* Pods-Flicks.release.xcconfig */ = {isa = PBXFileReference; includeInIndex = 1; lastKnownFileType = text.xcconfig; name = "Pods-Flicks.release.xcconfig"; path = "Pods/Target Support Files/Pods-Flicks/Pods-Flicks.release.xcconfig"; sourceTree = "<group>"; };
/* End PBXFileReference section */

/* Begin PBXFrameworksBuildPhase section */
		60206CCB1DB2750A009CAB6A /* Frameworks */ = {
			isa = PBXFrameworksBuildPhase;
			buildActionMask = 2147483647;
			files = (
				42396F0E330B06D4499EAEC9 /* Pods_Flicks.framework in Frameworks */,
			);
			runOnlyForDeploymentPostprocessing = 0;
		};
/* End PBXFrameworksBuildPhase section */

/* Begin PBXGroup section */
		60206CC51DB2750A009CAB6A = {
			isa = PBXGroup;
			children = (
				60206CD01DB2750A009CAB6A /* Flicks */,
				60206CCF1DB2750A009CAB6A /* Products */,
				60206CE81DB2E864009CAB6A /* Frameworks */,
				BE33FC526C82891632E75616 /* Pods */,
			);
			sourceTree = "<group>";
		};
		60206CCF1DB2750A009CAB6A /* Products */ = {
			isa = PBXGroup;
			children = (
				60206CCE1DB2750A009CAB6A /* Flicks.app */,
			);
			name = Products;
			sourceTree = "<group>";
		};
		60206CD01DB2750A009CAB6A /* Flicks */ = {
			isa = PBXGroup;
			children = (
				60206CD11DB2750A009CAB6A /* AppDelegate.swift */,
				60206CD31DB2750A009CAB6A /* ViewController.swift */,
				60206CEC1DB2E8EE009CAB6A /* posterImage.jpg */,
				60206CD51DB2750A009CAB6A /* Main.storyboard */,
				60206CE51DB27E01009CAB6A /* MovieItemTableViewCell.swift */,
				60206CD81DB2750A009CAB6A /* Assets.xcassets */,
				60206CDA1DB2750A009CAB6A /* LaunchScreen.storyboard */,
				60206CDD1DB2750A009CAB6A /* Info.plist */,
				60206CE31DB279A4009CAB6A /* MovieDetailsViewController.swift */,
				60206CEE1DB2F130009CAB6A /* MovieDataLoader.swift */,
			);
			path = Flicks;
			sourceTree = "<group>";
		};
		60206CE81DB2E864009CAB6A /* Frameworks */ = {
			isa = PBXGroup;
			children = (
				60206CE91DB2E864009CAB6A /* Framework */,
				5EE215A4376C74DADECE2F10 /* Pods_Flicks.framework */,
			);
			name = Frameworks;
			sourceTree = "<group>";
		};
		BE33FC526C82891632E75616 /* Pods */ = {
			isa = PBXGroup;
			children = (
				82BF62A913DF182C9328A2FF /* Pods-Flicks.debug.xcconfig */,
				C6397A089FEF5D8F8801257C /* Pods-Flicks.release.xcconfig */,
			);
			name = Pods;
			sourceTree = "<group>";
		};
/* End PBXGroup section */

/* Begin PBXNativeTarget section */
		60206CCD1DB2750A009CAB6A /* Flicks */ = {
			isa = PBXNativeTarget;
			buildConfigurationList = 60206CE01DB2750A009CAB6A /* Build configuration list for PBXNativeTarget "Flicks" */;
			buildPhases = (
				97274D976E009E25656C80CE /* [CP] Check Pods Manifest.lock */,
				60206CCA1DB2750A009CAB6A /* Sources */,
				60206CCB1DB2750A009CAB6A /* Frameworks */,
				60206CCC1DB2750A009CAB6A /* Resources */,
				CA943155657650F66ED272A8 /* [CP] Embed Pods Frameworks */,
				F187752C3B14E81217FD5656 /* [CP] Copy Pods Resources */,
			);
			buildRules = (
			);
			dependencies = (
			);
			name = Flicks;
			productName = Flicks;
			productReference = 60206CCE1DB2750A009CAB6A /* Flicks.app */;
			productType = "com.apple.product-type.application";
		};
/* End PBXNativeTarget section */

/* Begin PBXProject section */
		60206CC61DB2750A009CAB6A /* Project object */ = {
			isa = PBXProject;
			attributes = {
				LastSwiftUpdateCheck = 0800;
				LastUpgradeCheck = 0800;
				ORGANIZATIONNAME = "Chihiro Saito";
				TargetAttributes = {
					60206CCD1DB2750A009CAB6A = {
						CreatedOnToolsVersion = 8.0;
						ProvisioningStyle = Automatic;
					};
				};
			};
			buildConfigurationList = 60206CC91DB2750A009CAB6A /* Build configuration list for PBXProject "Flicks" */;
			compatibilityVersion = "Xcode 3.2";
			developmentRegion = English;
			hasScannedForEncodings = 0;
			knownRegions = (
				en,
				Base,
			);
			mainGroup = 60206CC51DB2750A009CAB6A;
			productRefGroup = 60206CCF1DB2750A009CAB6A /* Products */;
			projectDirPath = "";
			projectRoot = "";
			targets = (
				60206CCD1DB2750A009CAB6A /* Flicks */,
			);
		};
/* End PBXProject section */

/* Begin PBXResourcesBuildPhase section */
		60206CCC1DB2750A009CAB6A /* Resources */ = {
			isa = PBXResourcesBuildPhase;
			buildActionMask = 2147483647;
			files = (
				60206CDC1DB2750A009CAB6A /* LaunchScreen.storyboard in Resources */,
				60206CD91DB2750A009CAB6A /* Assets.xcassets in Resources */,
				60206CED1DB2E8EE009CAB6A /* posterImage.jpg in Resources */,
				60206CD71DB2750A009CAB6A /* Main.storyboard in Resources */,
			);
			runOnlyForDeploymentPostprocessing = 0;
		};
/* End PBXResourcesBuildPhase section */

/* Begin PBXShellScriptBuildPhase section */
		97274D976E009E25656C80CE /* [CP] Check Pods Manifest.lock */ = {
			isa = PBXShellScriptBuildPhase;
			buildActionMask = 2147483647;
			files = (
			);
			inputPaths = (
			);
			name = "[CP] Check Pods Manifest.lock";
			outputPaths = (
			);
			runOnlyForDeploymentPostprocessing = 0;
			shellPath = /bin/sh;
			shellScript = "diff \"${PODS_ROOT}/../Podfile.lock\" \"${PODS_ROOT}/Manifest.lock\" > /dev/null\nif [ $? != 0 ] ; then\n    # print error to STDERR\n    echo \"error: The sandbox is not in sync with the Podfile.lock. Run 'pod install' or update your CocoaPods installation.\" >&2\n    exit 1\nfi\n";
			showEnvVarsInLog = 0;
		};
		CA943155657650F66ED272A8 /* [CP] Embed Pods Frameworks */ = {
			isa = PBXShellScriptBuildPhase;
			buildActionMask = 2147483647;
			files = (
			);
			inputPaths = (
			);
			name = "[CP] Embed Pods Frameworks";
			outputPaths = (
			);
			runOnlyForDeploymentPostprocessing = 0;
			shellPath = /bin/sh;
			shellScript = "\"${SRCROOT}/Pods/Target Support Files/Pods-Flicks/Pods-Flicks-frameworks.sh\"\n";
			showEnvVarsInLog = 0;
		};
		F187752C3B14E81217FD5656 /* [CP] Copy Pods Resources */ = {
			isa = PBXShellScriptBuildPhase;
			buildActionMask = 2147483647;
			files = (
			);
			inputPaths = (
			);
			name = "[CP] Copy Pods Resources";
			outputPaths = (
			);
			runOnlyForDeploymentPostprocessing = 0;
			shellPath = /bin/sh;
			shellScript = "\"${SRCROOT}/Pods/Target Support Files/Pods-Flicks/Pods-Flicks-resources.sh\"\n";
			showEnvVarsInLog = 0;
		};
/* End PBXShellScriptBuildPhase section */

/* Begin PBXSourcesBuildPhase section */
		60206CCA1DB2750A009CAB6A /* Sources */ = {
			isa = PBXSourcesBuildPhase;
			buildActionMask = 2147483647;
			files = (
				60206CD41DB2750A009CAB6A /* ViewController.swift in Sources */,
				60206CE61DB27E01009CAB6A /* MovieItemTableViewCell.swift in Sources */,
				60206CEF1DB2F130009CAB6A /* MovieDataLoader.swift in Sources */,
				60206CD21DB2750A009CAB6A /* AppDelegate.swift in Sources */,
				60206CE41DB279A4009CAB6A /* MovieDetailsViewController.swift in Sources */,
			);
			runOnlyForDeploymentPostprocessing = 0;
		};
/* End PBXSourcesBuildPhase section */

/* Begin PBXVariantGroup section */
		60206CD51DB2750A009CAB6A /* Main.storyboard */ = {
			isa = PBXVariantGroup;
			children = (
				60206CD61DB2750A009CAB6A /* Base */,
			);
			name = Main.storyboard;
			sourceTree = "<group>";
		};
		60206CDA1DB2750A009CAB6A /* LaunchScreen.storyboard */ = {
			isa = PBXVariantGroup;
			children = (
				60206CDB1DB2750A009CAB6A /* Base */,
			);
			name = LaunchScreen.storyboard;
			sourceTree = "<group>";
		};
/* End PBXVariantGroup section */

/* Begin XCBuildConfiguration section */
		60206CDE1DB2750A009CAB6A /* Debug */ = {
			isa = XCBuildConfiguration;
			buildSettings = {
				ALWAYS_SEARCH_USER_PATHS = NO;
				CLANG_ANALYZER_NONNULL = YES;
				CLANG_CXX_LANGUAGE_STANDARD = "gnu++0x";
				CLANG_CXX_LIBRARY = "libc++";
				CLANG_ENABLE_MODULES = YES;
				CLANG_ENABLE_OBJC_ARC = YES;
				CLANG_WARN_BOOL_CONVERSION = YES;
				CLANG_WARN_CONSTANT_CONVERSION = YES;
				CLANG_WARN_DIRECT_OBJC_ISA_USAGE = YES_ERROR;
				CLANG_WARN_DOCUMENTATION_COMMENTS = YES;
				CLANG_WARN_EMPTY_BODY = YES;
				CLANG_WARN_ENUM_CONVERSION = YES;
				CLANG_WARN_INFINITE_RECURSION = YES;
				CLANG_WARN_INT_CONVERSION = YES;
				CLANG_WARN_OBJC_ROOT_CLASS = YES_ERROR;
				CLANG_WARN_SUSPICIOUS_MOVES = YES;
				CLANG_WARN_UNREACHABLE_CODE = YES;
				CLANG_WARN__DUPLICATE_METHOD_MATCH = YES;
				"CODE_SIGN_IDENTITY[sdk=iphoneos*]" = "iPhone Developer";
				COPY_PHASE_STRIP = NO;
				DEBUG_INFORMATION_FORMAT = dwarf;
				ENABLE_STRICT_OBJC_MSGSEND = YES;
				ENABLE_TESTABILITY = YES;
				GCC_C_LANGUAGE_STANDARD = gnu99;
				GCC_DYNAMIC_NO_PIC = NO;
				GCC_NO_COMMON_BLOCKS = YES;
				GCC_OPTIMIZATION_LEVEL = 0;
				GCC_PREPROCESSOR_DEFINITIONS = (
					"DEBUG=1",
					"$(inherited)",
				);
				GCC_WARN_64_TO_32_BIT_CONVERSION = YES;
				GCC_WARN_ABOUT_RETURN_TYPE = YES_ERROR;
				GCC_WARN_UNDECLARED_SELECTOR = YES;
				GCC_WARN_UNINITIALIZED_AUTOS = YES_AGGRESSIVE;
				GCC_WARN_UNUSED_FUNCTION = YES;
				GCC_WARN_UNUSED_VARIABLE = YES;
				IPHONEOS_DEPLOYMENT_TARGET = 10.0;
				MTL_ENABLE_DEBUG_INFO = YES;
				ONLY_ACTIVE_ARCH = YES;
				SDKROOT = iphoneos;
				SWIFT_ACTIVE_COMPILATION_CONDITIONS = DEBUG;
				SWIFT_OPTIMIZATION_LEVEL = "-Onone";
				TARGETED_DEVICE_FAMILY = "1,2";
			};
			name = Debug;
		};
		60206CDF1DB2750A009CAB6A /* Release */ = {
			isa = XCBuildConfiguration;
			buildSettings = {
				ALWAYS_SEARCH_USER_PATHS = NO;
				CLANG_ANALYZER_NONNULL = YES;
				CLANG_CXX_LANGUAGE_STANDARD = "gnu++0x";
				CLANG_CXX_LIBRARY = "libc++";
				CLANG_ENABLE_MODULES = YES;
				CLANG_ENABLE_OBJC_ARC = YES;
				CLANG_WARN_BOOL_CONVERSION = YES;
				CLANG_WARN_CONSTANT_CONVERSION = YES;
				CLANG_WARN_DIRECT_OBJC_ISA_USAGE = YES_ERROR;
				CLANG_WARN_DOCUMENTATION_COMMENTS = YES;
				CLANG_WARN_EMPTY_BODY = YES;
				CLANG_WARN_ENUM_CONVERSION = YES;
				CLANG_WARN_INFINITE_RECURSION = YES;
				CLANG_WARN_INT_CONVERSION = YES;
				CLANG_WARN_OBJC_ROOT_CLASS = YES_ERROR;
				CLANG_WARN_SUSPICIOUS_MOVES = YES;
				CLANG_WARN_UNREACHABLE_CODE = YES;
				CLANG_WARN__DUPLICATE_METHOD_MATCH = YES;
				"CODE_SIGN_IDENTITY[sdk=iphoneos*]" = "iPhone Developer";
				COPY_PHASE_STRIP = NO;
				DEBUG_INFORMATION_FORMAT = "dwarf-with-dsym";
				ENABLE_NS_ASSERTIONS = NO;
				ENABLE_STRICT_OBJC_MSGSEND = YES;
				GCC_C_LANGUAGE_STANDARD = gnu99;
				GCC_NO_COMMON_BLOCKS = YES;
				GCC_WARN_64_TO_32_BIT_CONVERSION = YES;
				GCC_WARN_ABOUT_RETURN_TYPE = YES_ERROR;
				GCC_WARN_UNDECLARED_SELECTOR = YES;
				GCC_WARN_UNINITIALIZED_AUTOS = YES_AGGRESSIVE;
				GCC_WARN_UNUSED_FUNCTION = YES;
				GCC_WARN_UNUSED_VARIABLE = YES;
				IPHONEOS_DEPLOYMENT_TARGET = 10.0;
				MTL_ENABLE_DEBUG_INFO = NO;
				SDKROOT = iphoneos;
				SWIFT_OPTIMIZATION_LEVEL = "-Owholemodule";
				TARGETED_DEVICE_FAMILY = "1,2";
				VALIDATE_PRODUCT = YES;
			};
			name = Release;
		};
		60206CE11DB2750A009CAB6A /* Debug */ = {
			isa = XCBuildConfiguration;
			baseConfigurationReference = 82BF62A913DF182C9328A2FF /* Pods-Flicks.debug.xcconfig */;
			buildSettings = {
				ASSETCATALOG_COMPILER_APPICON_NAME = AppIcon;
				INFOPLIST_FILE = Flicks/Info.plist;
				LD_RUNPATH_SEARCH_PATHS = "$(inherited) @executable_path/Frameworks";
				PRODUCT_BUNDLE_IDENTIFIER = projects.Flicks;
				PRODUCT_NAME = "$(TARGET_NAME)";
				SWIFT_VERSION = 3.0;
			};
			name = Debug;
		};
		60206CE21DB2750A009CAB6A /* Release */ = {
			isa = XCBuildConfiguration;
			baseConfigurationReference = C6397A089FEF5D8F8801257C /* Pods-Flicks.release.xcconfig */;
			buildSettings = {
				ASSETCATALOG_COMPILER_APPICON_NAME = AppIcon;
				INFOPLIST_FILE = Flicks/Info.plist;
				LD_RUNPATH_SEARCH_PATHS = "$(inherited) @executable_path/Frameworks";
				PRODUCT_BUNDLE_IDENTIFIER = projects.Flicks;
				PRODUCT_NAME = "$(TARGET_NAME)";
				SWIFT_VERSION = 3.0;
			};
			name = Release;
		};
/* End XCBuildConfiguration section */

/* Begin XCConfigurationList section */
		60206CC91DB2750A009CAB6A /* Build configuration list for PBXProject "Flicks" */ = {
			isa = XCConfigurationList;
			buildConfigurations = (
				60206CDE1DB2750A009CAB6A /* Debug */,
				60206CDF1DB2750A009CAB6A /* Release */,
			);
			defaultConfigurationIsVisible = 0;
			defaultConfigurationName = Release;
		};
		60206CE01DB2750A009CAB6A /* Build configuration list for PBXNativeTarget "Flicks" */ = {
			isa = XCConfigurationList;
			buildConfigurations = (
				60206CE11DB2750A009CAB6A /* Debug */,
				60206CE21DB2750A009CAB6A /* Release */,
			);
			defaultConfigurationIsVisible = 0;
			defaultConfigurationName = Release;
		};
/* End XCConfigurationList section */
	};
	rootObject = 60206CC61DB2750A009CAB6A /* Project object */;
}
